
Microsoft Visual Studio Solution File, Format Version 12.00
# Visual Studio Version 16
VisualStudioVersion = 16.0.30907.101
MinimumVisualStudioVersion = 10.0.40219.1
Project("{8BC9CEB8-8B4A-11D0-8D11-00A0C91BC942}") = "HarryPotter", "HarryPotter.vcxproj", "{94AC92D9-9AD2-4F6C-8C75-D213B8F4AFDF}"
EndProject
Global
	GlobalSection(SolutionConfigurationPlatforms) = preSolution
		Debug|x64 = Debug|x64
		Debug|x86 = Debug|x86
		Release|x64 = Release|x64
		Release|x86 = Release|x86
	EndGlobalSection
	GlobalSection(ProjectConfigurationPlatforms) = postSolution
		{94AC92D9-9AD2-4F6C-8C75-D213B8F4AFDF}.Debug|x64.ActiveCfg = Debug|x64
		{94AC92D9-9AD2-4F6C-8C75-D213B8F4AFDF}.Debug|x64.Build.0 = Debug|x64
		{94AC92D9-9AD2-4F6C-8C75-D213B8F4AFDF}.Debug|x86.ActiveCfg = Debug|Win32
		{94AC92D9-9AD2-4F6C-8C75-D213B8F4AFDF}.Debug|x86.Build.0 = Debug|Win32
		{94AC92D9-9AD2-4F6C-8C75-D213B8F4AFDF}.Release|x64.ActiveCfg = Release|x64
		{94AC92D9-9AD2-4F6C-8C75-D213B8F4AFDF}.Release|x64.Build.0 = Release|x64
		{94AC92D9-9AD2-4F6C-8C75-D213B8F4AFDF}.Release|x86.ActiveCfg = Release|Win32
		{94AC92D9-9AD2-4F6C-8C75-D213B8F4AFDF}.Release|x86.Build.0 = Release|Win32
	EndGlobalSection
	GlobalSection(SolutionProperties) = preSolution
		HideSolutionNode = FALSE
	EndGlobalSection
	GlobalSection(ExtensibilityGlobals) = postSolution
		SolutionGuid = {9E089BB7-8F11-4F22-AB01-576402403A73}
	EndGlobalSection
EndGlobal
